{
  "name": "ShopApp",
  "lockfileVersion": 3,
  "requires": true,
  "packages": {
    "": {
      "dependencies": {
        "ckeditor": "^4.11.4"
      }
    },
    "node_modules/ckeditor": {
      "version": "4.11.4",
      "resolved": "https://registry.npmjs.org/ckeditor/-/ckeditor-4.11.4.tgz",
      "integrity": "sha512-h1EymdwFDdQuDO1vEisUagZ/WYiDnvvvtftYmbmqbbUf9vk21ovXb7mXnQimvTYJfRQBgJCoqfjFDfcQIfw9ig==",
      "deprecated": "We have renamed the @ckeditor package. New versions are available under the @ckeditor4 name."
    }
  }
}
